
Microsoft Visual Studio Solution File, Format Version 12.00
# Visual Studio 2015
Project("{FAE04EC0-301F-11D3-BF4B-00C04F79EFBC}") = "4lw2.CSharp.Plugins", "4lw2.CSharp.Plugins.csproj", "{76FAF291-6ADF-B152-C902-49A9D8329D67}"
EndProject
Project("{FAE04EC0-301F-11D3-BF4B-00C04F79EFBC}") = "4lw2.CSharp", "4lw2.CSharp.csproj", "{098B13B7-C577-DB77-1BA7-6CF91EBAE519}"
EndProject
Project("{FAE04EC0-301F-11D3-BF4B-00C04F79EFBC}") = "4lw2.CSharp.Editor", "4lw2.CSharp.Editor.csproj", "{B5A47C3C-CCDE-00CF-A984-3ABAEEFB6F5B}"
EndProject
Global
	GlobalSection(SolutionConfigurationPlatforms) = preSolution
		Debug|Any CPU = Debug|Any CPU
		Release|Any CPU = Release|Any CPU
	EndGlobalSection
	GlobalSection(ProjectConfigurationPlatforms) = postSolution
		{76FAF291-6ADF-B152-C902-49A9D8329D67}.Debug|Any CPU.ActiveCfg = Debug|Any CPU
		{76FAF291-6ADF-B152-C902-49A9D8329D67}.Debug|Any CPU.Build.0 = Debug|Any CPU
		{76FAF291-6ADF-B152-C902-49A9D8329D67}.Release|Any CPU.ActiveCfg = Release|Any CPU
		{76FAF291-6ADF-B152-C902-49A9D8329D67}.Release|Any CPU.Build.0 = Release|Any CPU
		{098B13B7-C577-DB77-1BA7-6CF91EBAE519}.Debug|Any CPU.ActiveCfg = Debug|Any CPU
		{098B13B7-C577-DB77-1BA7-6CF91EBAE519}.Debug|Any CPU.Build.0 = Debug|Any CPU
		{098B13B7-C577-DB77-1BA7-6CF91EBAE519}.Release|Any CPU.ActiveCfg = Release|Any CPU
		{098B13B7-C577-DB77-1BA7-6CF91EBAE519}.Release|Any CPU.Build.0 = Release|Any CPU
		{B5A47C3C-CCDE-00CF-A984-3ABAEEFB6F5B}.Debug|Any CPU.ActiveCfg = Debug|Any CPU
		{B5A47C3C-CCDE-00CF-A984-3ABAEEFB6F5B}.Debug|Any CPU.Build.0 = Debug|Any CPU
		{B5A47C3C-CCDE-00CF-A984-3ABAEEFB6F5B}.Release|Any CPU.ActiveCfg = Release|Any CPU
		{B5A47C3C-CCDE-00CF-A984-3ABAEEFB6F5B}.Release|Any CPU.Build.0 = Release|Any CPU
	EndGlobalSection
	GlobalSection(SolutionProperties) = preSolution
		HideSolutionNode = FALSE
	EndGlobalSection
EndGlobal
